PODS:
  - Kingfisher (7.6.2)
  - SwiftLint (0.46.5)

DEPENDENCIES:
  - Kingfisher (~> 7.0)
  - SwiftLint (~> 0.46.2)

SPEC REPOS:
  trunk:
    - Kingfisher
    - SwiftLint

SPEC CHECKSUMS:
  Kingfisher: 6c5449c6450c5239166510ba04afe374a98afc4f
  SwiftLint: 2c16e8fa99dac2e440dc0c70ea74d2532048f6cf

PODFILE CHECKSUM: 614b24d5ca0821a0ebd68b13aa0117a81acc7dea

COCOAPODS: 1.12.0
