// !$*UTF8*$!
{
	archiveVersion = 1;
	classes = {
	};
	objectVersion = 56;
	objects = {

/* Begin PBXBuildFile section */
		4127878F4B314CF15991A40B /* Pods_BananaTube.framework in Frameworks */ = {isa = PBXBuildFile; fileRef = 60DD66A7AC3908BADEAD9934 /* Pods_BananaTube.framework */; };
		FF369A9029DF736300339FE5 /* VideoCollectionViewCell.swift in Sources */ = {isa = PBXBuildFile; fileRef = FF369A8F29DF736300339FE5 /* VideoCollectionViewCell.swift */; };
		FFC276EF29E9A59E0056075D /* Constants.swift in Sources */ = {isa = PBXBuildFile; fileRef = FFC276EE29E9A59E0056075D /* Constants.swift */; };
		FFC276F129E9A6220056075D /* NetworkSubscriptionsService.swift in Sources */ = {isa = PBXBuildFile; fileRef = FFC276F029E9A6220056075D /* NetworkSubscriptionsService.swift */; };
		FFC276F629E9ADC40056075D /* Subscriptions.swift in Sources */ = {isa = PBXBuildFile; fileRef = FFC276F529E9ADC40056075D /* Subscriptions.swift */; };
		FFC276FF29EC5AF60056075D /* SubscriptionsPresenter.swift in Sources */ = {isa = PBXBuildFile; fileRef = FFC276FE29EC5AF60056075D /* SubscriptionsPresenter.swift */; };
		FFC2770129EC60410056075D /* SubscriptionsCoordinator.swift in Sources */ = {isa = PBXBuildFile; fileRef = FFC2770029EC60410056075D /* SubscriptionsCoordinator.swift */; };
		FFC2770429EC69000056075D /* Extension + UIViewController.swift in Sources */ = {isa = PBXBuildFile; fileRef = FFC2770329EC69000056075D /* Extension + UIViewController.swift */; };
		FFC942B629D6A51B007D361B /* AppCoordinator.swift in Sources */ = {isa = PBXBuildFile; fileRef = FFC942B529D6A51B007D361B /* AppCoordinator.swift */; };
		FFC942B829D6A6CA007D361B /* MainTabBarCoordinator.swift in Sources */ = {isa = PBXBuildFile; fileRef = FFC942B729D6A6CA007D361B /* MainTabBarCoordinator.swift */; };
		FFC942BA29D6A778007D361B /* SubscriptionsViewController.swift in Sources */ = {isa = PBXBuildFile; fileRef = FFC942B929D6A778007D361B /* SubscriptionsViewController.swift */; };
		FFC942BC29D6A784007D361B /* LibraryViewController.swift in Sources */ = {isa = PBXBuildFile; fileRef = FFC942BB29D6A784007D361B /* LibraryViewController.swift */; };
		FFEEC0DF29D4279700CBF948 /* AppDelegate.swift in Sources */ = {isa = PBXBuildFile; fileRef = FFEEC0DE29D4279700CBF948 /* AppDelegate.swift */; };
		FFEEC0E129D4279700CBF948 /* SceneDelegate.swift in Sources */ = {isa = PBXBuildFile; fileRef = FFEEC0E029D4279700CBF948 /* SceneDelegate.swift */; };
		FFEEC0E329D4279700CBF948 /* HomeViewController.swift in Sources */ = {isa = PBXBuildFile; fileRef = FFEEC0E229D4279700CBF948 /* HomeViewController.swift */; };
		FFEEC0E829D4279800CBF948 /* Assets.xcassets in Resources */ = {isa = PBXBuildFile; fileRef = FFEEC0E729D4279800CBF948 /* Assets.xcassets */; };
		FFEEC0EB29D4279800CBF948 /* LaunchScreen.storyboard in Resources */ = {isa = PBXBuildFile; fileRef = FFEEC0E929D4279800CBF948 /* LaunchScreen.storyboard */; };
/* End PBXBuildFile section */

/* Begin PBXFileReference section */
		4D958E9A989374E2D4613B5F /* Pods-BananaTube.release.xcconfig */ = {isa = PBXFileReference; includeInIndex = 1; lastKnownFileType = text.xcconfig; name = "Pods-BananaTube.release.xcconfig"; path = "Target Support Files/Pods-BananaTube/Pods-BananaTube.release.xcconfig"; sourceTree = "<group>"; };
		60DD66A7AC3908BADEAD9934 /* Pods_BananaTube.framework */ = {isa = PBXFileReference; explicitFileType = wrapper.framework; includeInIndex = 0; path = Pods_BananaTube.framework; sourceTree = BUILT_PRODUCTS_DIR; };
		9CB114C370DD8AF2E860D010 /* Pods-BananaTube.debug.xcconfig */ = {isa = PBXFileReference; includeInIndex = 1; lastKnownFileType = text.xcconfig; name = "Pods-BananaTube.debug.xcconfig"; path = "Target Support Files/Pods-BananaTube/Pods-BananaTube.debug.xcconfig"; sourceTree = "<group>"; };
		FF369A8F29DF736300339FE5 /* VideoCollectionViewCell.swift */ = {isa = PBXFileReference; lastKnownFileType = sourcecode.swift; path = VideoCollectionViewCell.swift; sourceTree = "<group>"; };
		FF582FCF29EC80260092554D /* Kingfisher.framework */ = {isa = PBXFileReference; explicitFileType = wrapper.framework; path = Kingfisher.framework; sourceTree = BUILT_PRODUCTS_DIR; };
		FF582FD129EC803A0092554D /* Kingfisher.framework */ = {isa = PBXFileReference; explicitFileType = wrapper.framework; path = Kingfisher.framework; sourceTree = BUILT_PRODUCTS_DIR; };
		FFC276EE29E9A59E0056075D /* Constants.swift */ = {isa = PBXFileReference; lastKnownFileType = sourcecode.swift; path = Constants.swift; sourceTree = "<group>"; };
		FFC276F029E9A6220056075D /* NetworkSubscriptionsService.swift */ = {isa = PBXFileReference; lastKnownFileType = sourcecode.swift; path = NetworkSubscriptionsService.swift; sourceTree = "<group>"; };
		FFC276F529E9ADC40056075D /* Subscriptions.swift */ = {isa = PBXFileReference; lastKnownFileType = sourcecode.swift; path = Subscriptions.swift; sourceTree = "<group>"; };
		FFC276FE29EC5AF60056075D /* SubscriptionsPresenter.swift */ = {isa = PBXFileReference; lastKnownFileType = sourcecode.swift; path = SubscriptionsPresenter.swift; sourceTree = "<group>"; };
		FFC2770029EC60410056075D /* SubscriptionsCoordinator.swift */ = {isa = PBXFileReference; lastKnownFileType = sourcecode.swift; path = SubscriptionsCoordinator.swift; sourceTree = "<group>"; };
		FFC2770329EC69000056075D /* Extension + UIViewController.swift */ = {isa = PBXFileReference; lastKnownFileType = sourcecode.swift; path = "Extension + UIViewController.swift"; sourceTree = "<group>"; };
		FFC942B529D6A51B007D361B /* AppCoordinator.swift */ = {isa = PBXFileReference; lastKnownFileType = sourcecode.swift; path = AppCoordinator.swift; sourceTree = "<group>"; };
		FFC942B729D6A6CA007D361B /* MainTabBarCoordinator.swift */ = {isa = PBXFileReference; lastKnownFileType = sourcecode.swift; path = MainTabBarCoordinator.swift; sourceTree = "<group>"; };
		FFC942B929D6A778007D361B /* SubscriptionsViewController.swift */ = {isa = PBXFileReference; lastKnownFileType = sourcecode.swift; path = SubscriptionsViewController.swift; sourceTree = "<group>"; };
		FFC942BB29D6A784007D361B /* LibraryViewController.swift */ = {isa = PBXFileReference; lastKnownFileType = sourcecode.swift; path = LibraryViewController.swift; sourceTree = "<group>"; };
		FFEEC0DB29D4279700CBF948 /* BananaTube.app */ = {isa = PBXFileReference; explicitFileType = wrapper.application; includeInIndex = 0; path = BananaTube.app; sourceTree = BUILT_PRODUCTS_DIR; };
		FFEEC0DE29D4279700CBF948 /* AppDelegate.swift */ = {isa = PBXFileReference; lastKnownFileType = sourcecode.swift; path = AppDelegate.swift; sourceTree = "<group>"; };
		FFEEC0E029D4279700CBF948 /* SceneDelegate.swift */ = {isa = PBXFileReference; lastKnownFileType = sourcecode.swift; path = SceneDelegate.swift; sourceTree = "<group>"; };
		FFEEC0E229D4279700CBF948 /* HomeViewController.swift */ = {isa = PBXFileReference; lastKnownFileType = sourcecode.swift; path = HomeViewController.swift; sourceTree = "<group>"; };
		FFEEC0E729D4279800CBF948 /* Assets.xcassets */ = {isa = PBXFileReference; lastKnownFileType = folder.assetcatalog; path = Assets.xcassets; sourceTree = "<group>"; };
		FFEEC0EA29D4279800CBF948 /* Base */ = {isa = PBXFileReference; lastKnownFileType = file.storyboard; name = Base; path = Base.lproj/LaunchScreen.storyboard; sourceTree = "<group>"; };
		FFEEC0EC29D4279800CBF948 /* Info.plist */ = {isa = PBXFileReference; lastKnownFileType = text.plist.xml; path = Info.plist; sourceTree = "<group>"; };
/* End PBXFileReference section */

/* Begin PBXFrameworksBuildPhase section */
		FFEEC0D829D4279700CBF948 /* Frameworks */ = {
			isa = PBXFrameworksBuildPhase;
			buildActionMask = 2147483647;
			files = (
				4127878F4B314CF15991A40B /* Pods_BananaTube.framework in Frameworks */,
			);
			runOnlyForDeploymentPostprocessing = 0;
		};
/* End PBXFrameworksBuildPhase section */

/* Begin PBXGroup section */
		02DDDB3562339E56BAE22EFC /* Pods */ = {
			isa = PBXGroup;
			children = (
				9CB114C370DD8AF2E860D010 /* Pods-BananaTube.debug.xcconfig */,
				4D958E9A989374E2D4613B5F /* Pods-BananaTube.release.xcconfig */,
			);
			path = Pods;
			sourceTree = "<group>";
		};
		E127A1A62BC470D4620EDB62 /* Frameworks */ = {
			isa = PBXGroup;
			children = (
				FF582FD129EC803A0092554D /* Kingfisher.framework */,
				FF582FCF29EC80260092554D /* Kingfisher.framework */,
				60DD66A7AC3908BADEAD9934 /* Pods_BananaTube.framework */,
			);
			name = Frameworks;
			sourceTree = "<group>";
		};
		FFC276F429E9A9110056075D /* Models */ = {
			isa = PBXGroup;
			children = (
				FFC276EE29E9A59E0056075D /* Constants.swift */,
				FFC276F529E9ADC40056075D /* Subscriptions.swift */,
			);
			path = Models;
			sourceTree = "<group>";
		};
		FFC276F929EC50990056075D /* Services */ = {
			isa = PBXGroup;
			children = (
				FFC276F029E9A6220056075D /* NetworkSubscriptionsService.swift */,
			);
			path = Services;
			sourceTree = "<group>";
		};
		FFC276FA29EC50B40056075D /* Presentation */ = {
			isa = PBXGroup;
			children = (
				FFC2770229EC68E40056075D /* Extensions */,
				FFC276FD29EC51830056075D /* Library */,
				FFC276FC29EC51750056075D /* Subscriptions */,
				FFC276FB29EC516A0056075D /* Home */,
				FFC942B529D6A51B007D361B /* AppCoordinator.swift */,
				FFC942B729D6A6CA007D361B /* MainTabBarCoordinator.swift */,
			);
			path = Presentation;
			sourceTree = "<group>";
		};
		FFC276FB29EC516A0056075D /* Home */ = {
			isa = PBXGroup;
			children = (
				FFEEC0E229D4279700CBF948 /* HomeViewController.swift */,
			);
			path = Home;
			sourceTree = "<group>";
		};
		FFC276FC29EC51750056075D /* Subscriptions */ = {
			isa = PBXGroup;
			children = (
				FF369A8F29DF736300339FE5 /* VideoCollectionViewCell.swift */,
				FFC942B929D6A778007D361B /* SubscriptionsViewController.swift */,
				FFC276FE29EC5AF60056075D /* SubscriptionsPresenter.swift */,
				FFC2770029EC60410056075D /* SubscriptionsCoordinator.swift */,
			);
			path = Subscriptions;
			sourceTree = "<group>";
		};
		FFC276FD29EC51830056075D /* Library */ = {
			isa = PBXGroup;
			children = (
				FFC942BB29D6A784007D361B /* LibraryViewController.swift */,
			);
			path = Library;
			sourceTree = "<group>";
		};
		FFC2770229EC68E40056075D /* Extensions */ = {
			isa = PBXGroup;
			children = (
				FFC2770329EC69000056075D /* Extension + UIViewController.swift */,
			);
			path = Extensions;
			sourceTree = "<group>";
		};
		FFEEC0D229D4279700CBF948 = {
			isa = PBXGroup;
			children = (
				FFEEC0DD29D4279700CBF948 /* BananaTube */,
				FFEEC0DC29D4279700CBF948 /* Products */,
				02DDDB3562339E56BAE22EFC /* Pods */,
				E127A1A62BC470D4620EDB62 /* Frameworks */,
			);
			sourceTree = "<group>";
		};
		FFEEC0DC29D4279700CBF948 /* Products */ = {
			isa = PBXGroup;
			children = (
				FFEEC0DB29D4279700CBF948 /* BananaTube.app */,
			);
			name = Products;
			sourceTree = "<group>";
		};
		FFEEC0DD29D4279700CBF948 /* BananaTube */ = {
			isa = PBXGroup;
			children = (
				FFEEC0F229D428A800CBF948 /* App */,
				FFEEC0EC29D4279800CBF948 /* Info.plist */,
				FFC276FA29EC50B40056075D /* Presentation */,
				FFC276F429E9A9110056075D /* Models */,
				FFC276F929EC50990056075D /* Services */,
				FFEEC0F429D428CE00CBF948 /* Storyboards */,
			);
			path = BananaTube;
			sourceTree = "<group>";
		};
		FFEEC0F229D428A800CBF948 /* App */ = {
			isa = PBXGroup;
			children = (
				FFEEC0DE29D4279700CBF948 /* AppDelegate.swift */,
				FFEEC0E029D4279700CBF948 /* SceneDelegate.swift */,
				FFEEC0E729D4279800CBF948 /* Assets.xcassets */,
			);
			path = App;
			sourceTree = "<group>";
		};
		FFEEC0F429D428CE00CBF948 /* Storyboards */ = {
			isa = PBXGroup;
			children = (
				FFEEC0E929D4279800CBF948 /* LaunchScreen.storyboard */,
			);
			path = Storyboards;
			sourceTree = "<group>";
		};
/* End PBXGroup section */

/* Begin PBXNativeTarget section */
		FFEEC0DA29D4279700CBF948 /* BananaTube */ = {
			isa = PBXNativeTarget;
			buildConfigurationList = FFEEC0EF29D4279800CBF948 /* Build configuration list for PBXNativeTarget "BananaTube" */;
			buildPhases = (
				06DBEBA6416320C4B26175E6 /* [CP] Check Pods Manifest.lock */,
				FFEEC0D729D4279700CBF948 /* Sources */,
				FFEEC0D829D4279700CBF948 /* Frameworks */,
				FFEEC0D929D4279700CBF948 /* Resources */,
				FFB5DA7629E4A2DE00D47D62 /* Run Script */,
				7161EBD1BA2D455B9A0D562F /* [CP] Embed Pods Frameworks */,
			);
			buildRules = (
			);
			dependencies = (
			);
			name = BananaTube;
			productName = YouTube;
			productReference = FFEEC0DB29D4279700CBF948 /* BananaTube.app */;
			productType = "com.apple.product-type.application";
		};
/* End PBXNativeTarget section */

/* Begin PBXProject section */
		FFEEC0D329D4279700CBF948 /* Project object */ = {
			isa = PBXProject;
			attributes = {
				BuildIndependentTargetsInParallel = 1;
				LastSwiftUpdateCheck = 1430;
				LastUpgradeCheck = 1430;
				TargetAttributes = {
					FFEEC0DA29D4279700CBF948 = {
						CreatedOnToolsVersion = 14.3;
					};
				};
			};
			buildConfigurationList = FFEEC0D629D4279700CBF948 /* Build configuration list for PBXProject "BananaTube" */;
			compatibilityVersion = "Xcode 14.0";
			developmentRegion = en;
			hasScannedForEncodings = 0;
			knownRegions = (
				en,
				Base,
			);
			mainGroup = FFEEC0D229D4279700CBF948;
			productRefGroup = FFEEC0DC29D4279700CBF948 /* Products */;
			projectDirPath = "";
			projectRoot = "";
			targets = (
				FFEEC0DA29D4279700CBF948 /* BananaTube */,
			);
		};
/* End PBXProject section */

/* Begin PBXResourcesBuildPhase section */
		FFEEC0D929D4279700CBF948 /* Resources */ = {
			isa = PBXResourcesBuildPhase;
			buildActionMask = 2147483647;
			files = (
				FFEEC0EB29D4279800CBF948 /* LaunchScreen.storyboard in Resources */,
				FFEEC0E829D4279800CBF948 /* Assets.xcassets in Resources */,
			);
			runOnlyForDeploymentPostprocessing = 0;
		};
/* End PBXResourcesBuildPhase section */

/* Begin PBXShellScriptBuildPhase section */
		06DBEBA6416320C4B26175E6 /* [CP] Check Pods Manifest.lock */ = {
			isa = PBXShellScriptBuildPhase;
			buildActionMask = 2147483647;
			files = (
			);
			inputFileListPaths = (
			);
			inputPaths = (
				"${PODS_PODFILE_DIR_PATH}/Podfile.lock",
				"${PODS_ROOT}/Manifest.lock",
			);
			name = "[CP] Check Pods Manifest.lock";
			outputFileListPaths = (
			);
			outputPaths = (
				"$(DERIVED_FILE_DIR)/Pods-BananaTube-checkManifestLockResult.txt",
			);
			runOnlyForDeploymentPostprocessing = 0;
			shellPath = /bin/sh;
			shellScript = "diff \"${PODS_PODFILE_DIR_PATH}/Podfile.lock\" \"${PODS_ROOT}/Manifest.lock\" > /dev/null\nif [ $? != 0 ] ; then\n    # print error to STDERR\n    echo \"error: The sandbox is not in sync with the Podfile.lock. Run 'pod install' or update your CocoaPods installation.\" >&2\n    exit 1\nfi\n# This output is used by Xcode 'outputs' to avoid re-running this script phase.\necho \"SUCCESS\" > \"${SCRIPT_OUTPUT_FILE_0}\"\n";
			showEnvVarsInLog = 0;
		};
		7161EBD1BA2D455B9A0D562F /* [CP] Embed Pods Frameworks */ = {
			isa = PBXShellScriptBuildPhase;
			buildActionMask = 2147483647;
			files = (
			);
			inputFileListPaths = (
				"${PODS_ROOT}/Target Support Files/Pods-BananaTube/Pods-BananaTube-frameworks-${CONFIGURATION}-input-files.xcfilelist",
			);
			name = "[CP] Embed Pods Frameworks";
			outputFileListPaths = (
				"${PODS_ROOT}/Target Support Files/Pods-BananaTube/Pods-BananaTube-frameworks-${CONFIGURATION}-output-files.xcfilelist",
			);
			runOnlyForDeploymentPostprocessing = 0;
			shellPath = /bin/sh;
			shellScript = "\"${PODS_ROOT}/Target Support Files/Pods-BananaTube/Pods-BananaTube-frameworks.sh\"\n";
			showEnvVarsInLog = 0;
		};
		FFB5DA7629E4A2DE00D47D62 /* Run Script */ = {
			isa = PBXShellScriptBuildPhase;
			alwaysOutOfDate = 1;
			buildActionMask = 2147483647;
			files = (
			);
			inputFileListPaths = (
			);
			inputPaths = (
			);
			name = "Run Script";
			outputFileListPaths = (
			);
			outputPaths = (
			);
			runOnlyForDeploymentPostprocessing = 0;
			shellPath = /bin/sh;
			shellScript = "export PATH=\"$PATH:/opt/homebrew/bin\"\nif which swiftlint > /dev/null; then\n  swiftlint\nelse\n  echo \"warning: SwiftLint not installed, download from https://github.com/realm/SwiftLint\"\nfi\n";
		};
/* End PBXShellScriptBuildPhase section */

/* Begin PBXSourcesBuildPhase section */
		FFEEC0D729D4279700CBF948 /* Sources */ = {
			isa = PBXSourcesBuildPhase;
			buildActionMask = 2147483647;
			files = (
				FFC2770429EC69000056075D /* Extension + UIViewController.swift in Sources */,
				FFC276F129E9A6220056075D /* NetworkSubscriptionsService.swift in Sources */,
				FFC942B829D6A6CA007D361B /* MainTabBarCoordinator.swift in Sources */,
				FF369A9029DF736300339FE5 /* VideoCollectionViewCell.swift in Sources */,
				FFC942B629D6A51B007D361B /* AppCoordinator.swift in Sources */,
				FFEEC0E329D4279700CBF948 /* HomeViewController.swift in Sources */,
				FFEEC0DF29D4279700CBF948 /* AppDelegate.swift in Sources */,
				FFC942BC29D6A784007D361B /* LibraryViewController.swift in Sources */,
				FFC2770129EC60410056075D /* SubscriptionsCoordinator.swift in Sources */,
				FFC276FF29EC5AF60056075D /* SubscriptionsPresenter.swift in Sources */,
				FFEEC0E129D4279700CBF948 /* SceneDelegate.swift in Sources */,
				FFC942BA29D6A778007D361B /* SubscriptionsViewController.swift in Sources */,
				FFC276EF29E9A59E0056075D /* Constants.swift in Sources */,
				FFC276F629E9ADC40056075D /* Subscriptions.swift in Sources */,
			);
			runOnlyForDeploymentPostprocessing = 0;
		};
/* End PBXSourcesBuildPhase section */

/* Begin PBXVariantGroup section */
		FFEEC0E929D4279800CBF948 /* LaunchScreen.storyboard */ = {
			isa = PBXVariantGroup;
			children = (
				FFEEC0EA29D4279800CBF948 /* Base */,
			);
			name = LaunchScreen.storyboard;
			sourceTree = "<group>";
		};
/* End PBXVariantGroup section */

/* Begin XCBuildConfiguration section */
		FFEEC0ED29D4279800CBF948 /* Debug */ = {
			isa = XCBuildConfiguration;
			buildSettings = {
				ALWAYS_SEARCH_USER_PATHS = NO;
				CLANG_ANALYZER_NONNULL = YES;
				CLANG_ANALYZER_NUMBER_OBJECT_CONVERSION = YES_AGGRESSIVE;
				CLANG_CXX_LANGUAGE_STANDARD = "gnu++20";
				CLANG_ENABLE_MODULES = YES;
				CLANG_ENABLE_OBJC_ARC = YES;
				CLANG_ENABLE_OBJC_WEAK = YES;
				CLANG_WARN_BLOCK_CAPTURE_AUTORELEASING = YES;
				CLANG_WARN_BOOL_CONVERSION = YES;
				CLANG_WARN_COMMA = YES;
				CLANG_WARN_CONSTANT_CONVERSION = YES;
				CLANG_WARN_DEPRECATED_OBJC_IMPLEMENTATIONS = YES;
				CLANG_WARN_DIRECT_OBJC_ISA_USAGE = YES_ERROR;
				CLANG_WARN_DOCUMENTATION_COMMENTS = YES;
				CLANG_WARN_EMPTY_BODY = YES;
				CLANG_WARN_ENUM_CONVERSION = YES;
				CLANG_WARN_INFINITE_RECURSION = YES;
				CLANG_WARN_INT_CONVERSION = YES;
				CLANG_WARN_NON_LITERAL_NULL_CONVERSION = YES;
				CLANG_WARN_OBJC_IMPLICIT_RETAIN_SELF = YES;
				CLANG_WARN_OBJC_LITERAL_CONVERSION = YES;
				CLANG_WARN_OBJC_ROOT_CLASS = YES_ERROR;
				CLANG_WARN_QUOTED_INCLUDE_IN_FRAMEWORK_HEADER = YES;
				CLANG_WARN_RANGE_LOOP_ANALYSIS = YES;
				CLANG_WARN_STRICT_PROTOTYPES = YES;
				CLANG_WARN_SUSPICIOUS_MOVE = YES;
				CLANG_WARN_UNGUARDED_AVAILABILITY = YES_AGGRESSIVE;
				CLANG_WARN_UNREACHABLE_CODE = YES;
				CLANG_WARN__DUPLICATE_METHOD_MATCH = YES;
				COPY_PHASE_STRIP = NO;
				DEBUG_INFORMATION_FORMAT = dwarf;
				ENABLE_STRICT_OBJC_MSGSEND = YES;
				ENABLE_TESTABILITY = YES;
				GCC_C_LANGUAGE_STANDARD = gnu11;
				GCC_DYNAMIC_NO_PIC = NO;
				GCC_NO_COMMON_BLOCKS = YES;
				GCC_OPTIMIZATION_LEVEL = 0;
				GCC_PREPROCESSOR_DEFINITIONS = (
					"DEBUG=1",
					"$(inherited)",
				);
				GCC_WARN_64_TO_32_BIT_CONVERSION = YES;
				GCC_WARN_ABOUT_RETURN_TYPE = YES_ERROR;
				GCC_WARN_UNDECLARED_SELECTOR = YES;
				GCC_WARN_UNINITIALIZED_AUTOS = YES_AGGRESSIVE;
				GCC_WARN_UNUSED_FUNCTION = YES;
				GCC_WARN_UNUSED_VARIABLE = YES;
				IPHONEOS_DEPLOYMENT_TARGET = 16.4;
				MTL_ENABLE_DEBUG_INFO = INCLUDE_SOURCE;
				MTL_FAST_MATH = YES;
				ONLY_ACTIVE_ARCH = YES;
				SDKROOT = iphoneos;
				SWIFT_ACTIVE_COMPILATION_CONDITIONS = DEBUG;
				SWIFT_OPTIMIZATION_LEVEL = "-Onone";
			};
			name = Debug;
		};
		FFEEC0EE29D4279800CBF948 /* Release */ = {
			isa = XCBuildConfiguration;
			buildSettings = {
				ALWAYS_SEARCH_USER_PATHS = NO;
				CLANG_ANALYZER_NONNULL = YES;
				CLANG_ANALYZER_NUMBER_OBJECT_CONVERSION = YES_AGGRESSIVE;
				CLANG_CXX_LANGUAGE_STANDARD = "gnu++20";
				CLANG_ENABLE_MODULES = YES;
				CLANG_ENABLE_OBJC_ARC = YES;
				CLANG_ENABLE_OBJC_WEAK = YES;
				CLANG_WARN_BLOCK_CAPTURE_AUTORELEASING = YES;
				CLANG_WARN_BOOL_CONVERSION = YES;
				CLANG_WARN_COMMA = YES;
				CLANG_WARN_CONSTANT_CONVERSION = YES;
				CLANG_WARN_DEPRECATED_OBJC_IMPLEMENTATIONS = YES;
				CLANG_WARN_DIRECT_OBJC_ISA_USAGE = YES_ERROR;
				CLANG_WARN_DOCUMENTATION_COMMENTS = YES;
				CLANG_WARN_EMPTY_BODY = YES;
				CLANG_WARN_ENUM_CONVERSION = YES;
				CLANG_WARN_INFINITE_RECURSION = YES;
				CLANG_WARN_INT_CONVERSION = YES;
				CLANG_WARN_NON_LITERAL_NULL_CONVERSION = YES;
				CLANG_WARN_OBJC_IMPLICIT_RETAIN_SELF = YES;
				CLANG_WARN_OBJC_LITERAL_CONVERSION = YES;
				CLANG_WARN_OBJC_ROOT_CLASS = YES_ERROR;
				CLANG_WARN_QUOTED_INCLUDE_IN_FRAMEWORK_HEADER = YES;
				CLANG_WARN_RANGE_LOOP_ANALYSIS = YES;
				CLANG_WARN_STRICT_PROTOTYPES = YES;
				CLANG_WARN_SUSPICIOUS_MOVE = YES;
				CLANG_WARN_UNGUARDED_AVAILABILITY = YES_AGGRESSIVE;
				CLANG_WARN_UNREACHABLE_CODE = YES;
				CLANG_WARN__DUPLICATE_METHOD_MATCH = YES;
				COPY_PHASE_STRIP = NO;
				DEBUG_INFORMATION_FORMAT = "dwarf-with-dsym";
				ENABLE_NS_ASSERTIONS = NO;
				ENABLE_STRICT_OBJC_MSGSEND = YES;
				GCC_C_LANGUAGE_STANDARD = gnu11;
				GCC_NO_COMMON_BLOCKS = YES;
				GCC_WARN_64_TO_32_BIT_CONVERSION = YES;
				GCC_WARN_ABOUT_RETURN_TYPE = YES_ERROR;
				GCC_WARN_UNDECLARED_SELECTOR = YES;
				GCC_WARN_UNINITIALIZED_AUTOS = YES_AGGRESSIVE;
				GCC_WARN_UNUSED_FUNCTION = YES;
				GCC_WARN_UNUSED_VARIABLE = YES;
				IPHONEOS_DEPLOYMENT_TARGET = 16.4;
				MTL_ENABLE_DEBUG_INFO = NO;
				MTL_FAST_MATH = YES;
				SDKROOT = iphoneos;
				SWIFT_COMPILATION_MODE = wholemodule;
				SWIFT_OPTIMIZATION_LEVEL = "-O";
				VALIDATE_PRODUCT = YES;
			};
			name = Release;
		};
		FFEEC0F029D4279800CBF948 /* Debug */ = {
			isa = XCBuildConfiguration;
			baseConfigurationReference = 9CB114C370DD8AF2E860D010 /* Pods-BananaTube.debug.xcconfig */;
			buildSettings = {
				ASSETCATALOG_COMPILER_APPICON_NAME = AppIcon;
				ASSETCATALOG_COMPILER_GLOBAL_ACCENT_COLOR_NAME = AccentColor;
				CODE_SIGN_STYLE = Automatic;
				CURRENT_PROJECT_VERSION = 1;
				DEVELOPMENT_TEAM = KTNM35TF3W;
				EXCLUDED_ARCHS = "";
				"EXCLUDED_ARCHS[sdk=iphonesimulator*]" = arm64;
				GENERATE_INFOPLIST_FILE = YES;
				INFOPLIST_FILE = BananaTube/Info.plist;
				INFOPLIST_KEY_UIApplicationSupportsIndirectInputEvents = YES;
				INFOPLIST_KEY_UILaunchStoryboardName = LaunchScreen;
				INFOPLIST_KEY_UISupportedInterfaceOrientations_iPad = "UIInterfaceOrientationPortrait UIInterfaceOrientationPortraitUpsideDown UIInterfaceOrientationLandscapeLeft UIInterfaceOrientationLandscapeRight";
				INFOPLIST_KEY_UISupportedInterfaceOrientations_iPhone = "UIInterfaceOrientationPortrait UIInterfaceOrientationLandscapeLeft UIInterfaceOrientationLandscapeRight";
				IPHONEOS_DEPLOYMENT_TARGET = 14.0;
				LD_RUNPATH_SEARCH_PATHS = (
					"$(inherited)",
					"@executable_path/Frameworks",
				);
				MARKETING_VERSION = 1.0;
				PRODUCT_BUNDLE_IDENTIFIER = com.github.soundbanana.BananaTube;
				PRODUCT_NAME = "$(TARGET_NAME)";
				SWIFT_EMIT_LOC_STRINGS = YES;
				SWIFT_VERSION = 5.0;
				TARGETED_DEVICE_FAMILY = "1,2";
			};
			name = Debug;
		};
		FFEEC0F129D4279800CBF948 /* Release */ = {
			isa = XCBuildConfiguration;
			baseConfigurationReference = 4D958E9A989374E2D4613B5F /* Pods-BananaTube.release.xcconfig */;
			buildSettings = {
				ASSETCATALOG_COMPILER_APPICON_NAME = AppIcon;
				ASSETCATALOG_COMPILER_GLOBAL_ACCENT_COLOR_NAME = AccentColor;
				CODE_SIGN_STYLE = Automatic;
				CURRENT_PROJECT_VERSION = 1;
				DEVELOPMENT_TEAM = KTNM35TF3W;
				EXCLUDED_ARCHS = "";
				"EXCLUDED_ARCHS[sdk=iphonesimulator*]" = arm64;
				GENERATE_INFOPLIST_FILE = YES;
				INFOPLIST_FILE = BananaTube/Info.plist;
				INFOPLIST_KEY_UIApplicationSupportsIndirectInputEvents = YES;
				INFOPLIST_KEY_UILaunchStoryboardName = LaunchScreen;
				INFOPLIST_KEY_UISupportedInterfaceOrientations_iPad = "UIInterfaceOrientationPortrait UIInterfaceOrientationPortraitUpsideDown UIInterfaceOrientationLandscapeLeft UIInterfaceOrientationLandscapeRight";
				INFOPLIST_KEY_UISupportedInterfaceOrientations_iPhone = "UIInterfaceOrientationPortrait UIInterfaceOrientationLandscapeLeft UIInterfaceOrientationLandscapeRight";
				IPHONEOS_DEPLOYMENT_TARGET = 14.0;
				LD_RUNPATH_SEARCH_PATHS = (
					"$(inherited)",
					"@executable_path/Frameworks",
				);
				MARKETING_VERSION = 1.0;
				PRODUCT_BUNDLE_IDENTIFIER = com.github.soundbanana.BananaTube;
				PRODUCT_NAME = "$(TARGET_NAME)";
				SWIFT_EMIT_LOC_STRINGS = YES;
				SWIFT_VERSION = 5.0;
				TARGETED_DEVICE_FAMILY = "1,2";
			};
			name = Release;
		};
/* End XCBuildConfiguration section */

/* Begin XCConfigurationList section */
		FFEEC0D629D4279700CBF948 /* Build configuration list for PBXProject "BananaTube" */ = {
			isa = XCConfigurationList;
			buildConfigurations = (
				FFEEC0ED29D4279800CBF948 /* Debug */,
				FFEEC0EE29D4279800CBF948 /* Release */,
			);
			defaultConfigurationIsVisible = 0;
			defaultConfigurationName = Release;
		};
		FFEEC0EF29D4279800CBF948 /* Build configuration list for PBXNativeTarget "BananaTube" */ = {
			isa = XCConfigurationList;
			buildConfigurations = (
				FFEEC0F029D4279800CBF948 /* Debug */,
				FFEEC0F129D4279800CBF948 /* Release */,
			);
			defaultConfigurationIsVisible = 0;
			defaultConfigurationName = Release;
		};
/* End XCConfigurationList section */
	};
	rootObject = FFEEC0D329D4279700CBF948 /* Project object */;
}
